
Microsoft Visual Studio Solution File, Format Version 12.00
# Visual Studio Version 17
VisualStudioVersion = 17.11.35222.181
MinimumVisualStudioVersion = 10.0.40219.1
Project("{FAE04EC0-301F-11D3-BF4B-00C04F79EFBC}") = "Task3", "Papchef3\Task3.csproj", "{1BB86454-AF70-4C4E-93ED-F6AD8D30FA9E}"
EndProject
Project("{FAE04EC0-301F-11D3-BF4B-00C04F79EFBC}") = "Task4", "Papchef4\Task4.csproj", "{29C98474-23C4-4346-A181-91FC2E347601}"
EndProject
Global
	GlobalSection(SolutionConfigurationPlatforms) = preSolution
		Debug|Any CPU = Debug|Any CPU
		Release|Any CPU = Release|Any CPU
	EndGlobalSection
	GlobalSection(ProjectConfigurationPlatforms) = postSolution
		{1BB86454-AF70-4C4E-93ED-F6AD8D30FA9E}.Debug|Any CPU.ActiveCfg = Debug|Any CPU
		{1BB86454-AF70-4C4E-93ED-F6AD8D30FA9E}.Debug|Any CPU.Build.0 = Debug|Any CPU
		{1BB86454-AF70-4C4E-93ED-F6AD8D30FA9E}.Release|Any CPU.ActiveCfg = Release|Any CPU
		{1BB86454-AF70-4C4E-93ED-F6AD8D30FA9E}.Release|Any CPU.Build.0 = Release|Any CPU
		{29C98474-23C4-4346-A181-91FC2E347601}.Debug|Any CPU.ActiveCfg = Debug|Any CPU
		{29C98474-23C4-4346-A181-91FC2E347601}.Debug|Any CPU.Build.0 = Debug|Any CPU
		{29C98474-23C4-4346-A181-91FC2E347601}.Release|Any CPU.ActiveCfg = Release|Any CPU
		{29C98474-23C4-4346-A181-91FC2E347601}.Release|Any CPU.Build.0 = Release|Any CPU
	EndGlobalSection
	GlobalSection(SolutionProperties) = preSolution
		HideSolutionNode = FALSE
	EndGlobalSection
	GlobalSection(ExtensibilityGlobals) = postSolution
		SolutionGuid = {DED8069B-F5E0-4574-B67A-0ADC9346D22E}
	EndGlobalSection
EndGlobal
